
Microsoft Visual Studio Solution File, Format Version 12.00
# Visual Studio Version 16
VisualStudioVersion = 16.0.29911.84
MinimumVisualStudioVersion = 10.0.40219.1
Project("{9A19103F-16F7-4668-BE54-9A1E7A4F7556}") = "UnitTesting", "UnitTesting\UnitTesting.csproj", "{F9AC6E03-F7C6-446A-85E5-91C58F8DD30F}"
EndProject
Project("{FAE04EC0-301F-11D3-BF4B-00C04F79EFBC}") = "UnitTesting.Tests", "UnitTesting.Tests\UnitTesting.Tests.csproj", "{76243D3A-47B6-46FC-8550-875C5CADF22C}"
EndProject
Project("{FAE04EC0-301F-11D3-BF4B-00C04F79EFBC}") = "UnitTesting.IntegrationTests", "..\tests\UnitTesting.IntegrationTests\UnitTesting.IntegrationTests.csproj", "{E09E7828-EE40-486C-95E6-A01A2936ACCC}"
EndProject
Global
	GlobalSection(SolutionConfigurationPlatforms) = preSolution
		Debug|Any CPU = Debug|Any CPU
		Release|Any CPU = Release|Any CPU
	EndGlobalSection
	GlobalSection(ProjectConfigurationPlatforms) = postSolution
		{F9AC6E03-F7C6-446A-85E5-91C58F8DD30F}.Debug|Any CPU.ActiveCfg = Debug|Any CPU
		{F9AC6E03-F7C6-446A-85E5-91C58F8DD30F}.Debug|Any CPU.Build.0 = Debug|Any CPU
		{F9AC6E03-F7C6-446A-85E5-91C58F8DD30F}.Release|Any CPU.ActiveCfg = Release|Any CPU
		{F9AC6E03-F7C6-446A-85E5-91C58F8DD30F}.Release|Any CPU.Build.0 = Release|Any CPU
		{76243D3A-47B6-46FC-8550-875C5CADF22C}.Debug|Any CPU.ActiveCfg = Debug|Any CPU
		{76243D3A-47B6-46FC-8550-875C5CADF22C}.Debug|Any CPU.Build.0 = Debug|Any CPU
		{76243D3A-47B6-46FC-8550-875C5CADF22C}.Release|Any CPU.ActiveCfg = Release|Any CPU
		{76243D3A-47B6-46FC-8550-875C5CADF22C}.Release|Any CPU.Build.0 = Release|Any CPU
		{E09E7828-EE40-486C-95E6-A01A2936ACCC}.Debug|Any CPU.ActiveCfg = Debug|Any CPU
		{E09E7828-EE40-486C-95E6-A01A2936ACCC}.Debug|Any CPU.Build.0 = Debug|Any CPU
		{E09E7828-EE40-486C-95E6-A01A2936ACCC}.Release|Any CPU.ActiveCfg = Release|Any CPU
		{E09E7828-EE40-486C-95E6-A01A2936ACCC}.Release|Any CPU.Build.0 = Release|Any CPU
	EndGlobalSection
	GlobalSection(SolutionProperties) = preSolution
		HideSolutionNode = FALSE
	EndGlobalSection
	GlobalSection(ExtensibilityGlobals) = postSolution
		SolutionGuid = {CD19FCA8-A72B-4A42-B3F2-2E7457AC3B21}
	EndGlobalSection
EndGlobal
